{
  "name": "sharedLib",
  "version": "0.1.0",
  "lockfileVersion": 1,
  "requires": true,
  "dependencies": {
    "@fimbul/bifrost": {
      "version": "0.15.0",
      "resolved": "https://registry.npmjs.org/@fimbul/bifrost/-/bifrost-0.15.0.tgz",
      "integrity": "sha512-sHTwnwA9YhxcVEJkBlfKH1KLmGQGnNYPxk+09w5NnkXelYiiP8a5f351weYfxG0CUPLt1Fgkha20Y/9+jhjn/Q==",
      "dev": true,
      "requires": {
        "@fimbul/ymir": "^0.15.0",
        "get-caller-file": "^2.0.0",
        "tslib": "^1.8.1",
        "tsutils": "^3.1.0"
      },
      "dependencies": {
        "tsutils": {
          "version": "3.5.1",
          "resolved": "https://registry.npmjs.org/tsutils/-/tsutils-3.5.1.tgz",
          "integrity": "sha512-g9kwRQRpVDhjS3qfrDsnYv7QkBtsNRm1Ln5539hq9Y2ysndnlaWf8+3zTdaa1YB5ko7dpV9XATlP0KmYPsLc+Q==",
          "dev": true,
          "requires": {
            "tslib": "^1.8.1"
          }
        }
      }
    },
    "@fimbul/ymir": {
      "version": "0.15.0",
      "resolved": "https://registry.npmjs.org/@fimbul/ymir/-/ymir-0.15.0.tgz",
      "integrity": "sha512-Ow0TfxxQ65vIktHcZyXHeDsGKuzJ9Vt6y77R/aOrXQXLMdYHG+XdbiUWzQbtaGOmNzYVkQfINiFnIdvn5Bn24g==",
      "dev": true,
      "requires": {
        "inversify": "^5.0.0",
        "reflect-metadata": "^0.1.12",
        "tslib": "^1.8.1"
      }
    },
    "doctrine": {
      "version": "0.7.2",
      "resolved": "http://registry.npmjs.org/doctrine/-/doctrine-0.7.2.tgz",
      "integrity": "sha1-fLhgNZujvpDgQLJrcpzkv6ZUxSM=",
      "dev": true,
      "requires": {
        "esutils": "^1.1.6",
        "isarray": "0.0.1"
      }
    },
    "esutils": {
      "version": "1.1.6",
      "resolved": "https://registry.npmjs.org/esutils/-/esutils-1.1.6.tgz",
      "integrity": "sha1-wBzKqa5LiXxtDD4hCuUvPHqEQ3U=",
      "dev": true
    },
    "get-caller-file": {
      "version": "2.0.0",
      "resolved": "https://registry.npmjs.org/get-caller-file/-/get-caller-file-2.0.0.tgz",
      "integrity": "sha512-cF41L/f/7nXpSwMMHMY0FIurpTPZq/eHwJdeh2+0kKYhL9eD7RqsgMujd3qdqvWdjGIHjwvd/iEMTNECl2EhzA==",
      "dev": true
    },
    "inversify": {
      "version": "5.0.1",
      "resolved": "https://registry.npmjs.org/inversify/-/inversify-5.0.1.tgz",
      "integrity": "sha512-Ieh06s48WnEYGcqHepdsJUIJUXpwH5o5vodAX+DK2JA/gjy4EbEcQZxw+uFfzysmKjiLXGYwNG3qDZsKVMcINQ==",
      "dev": true
    },
    "isarray": {
      "version": "0.0.1",
      "resolved": "https://registry.npmjs.org/isarray/-/isarray-0.0.1.tgz",
      "integrity": "sha1-ihis/Kmo9Bd+Cav8YDiTmwXR7t8=",
      "dev": true
    },
    "jquery": {
      "version": "3.3.1",
      "resolved": "https://registry.npmjs.org/jquery/-/jquery-3.3.1.tgz",
      "integrity": "sha512-Ubldcmxp5np52/ENotGxlLe6aGMvmF4R8S6tZjsP6Knsaxd/xp3Zrh50cG93lR6nPXyUFwzN3ZSOQI0wRJNdGg=="
    },
    "lodash": {
      "version": "4.17.11",
      "resolved": "https://registry.npmjs.org/lodash/-/lodash-4.17.11.tgz",
      "integrity": "sha512-cQKh8igo5QUhZ7lg38DYWAxMvjSAKG0A8wGSVimP07SIUEK2UO+arSRKbRZWtelMtN5V0Hkwh5ryOto/SshYIg=="
    },
    "quickselect": {
      "version": "1.1.1",
      "resolved": "https://registry.npmjs.org/quickselect/-/quickselect-1.1.1.tgz",
      "integrity": "sha512-qN0Gqdw4c4KGPsBOQafj6yj/PA6c/L63f6CaZ/DCF/xF4Esu3jVmKLUDYxghFx8Kb/O7y9tI7x2RjTSXwdK1iQ=="
    },
    "rbush": {
      "version": "2.0.2",
      "resolved": "https://registry.npmjs.org/rbush/-/rbush-2.0.2.tgz",
      "integrity": "sha512-XBOuALcTm+O/H8G90b6pzu6nX6v2zCKiFG4BJho8a+bY6AER6t8uQUZdi5bomQc0AprCWhEGa7ncAbbRap0bRA==",
      "requires": {
        "quickselect": "^1.0.1"
      }
    },
    "rbush-knn": {
      "version": "2.1.0",
      "resolved": "https://registry.npmjs.org/rbush-knn/-/rbush-knn-2.1.0.tgz",
      "integrity": "sha512-BFGyvp/NOZ62fZQKcD4kW3Okk6ay3xXaJF22Xp+zRjoPF/TRiEDq+5SP1LZn03cSIvGiS4BY5MKVvvK3cinvRw==",
      "requires": {
        "tinyqueue": "^1.2.3"
      }
    },
    "reflect-metadata": {
      "version": "0.1.12",
      "resolved": "https://registry.npmjs.org/reflect-metadata/-/reflect-metadata-0.1.12.tgz",
      "integrity": "sha512-n+IyV+nGz3+0q3/Yf1ra12KpCyi001bi4XFxSjbiWWjfqb52iTTtpGXmCCAOWWIAn9KEuFZKGqBERHmrtScZ3A==",
      "dev": true
    },
    "split.js": {
      "version": "1.5.9",
      "resolved": "https://registry.npmjs.org/split.js/-/split.js-1.5.9.tgz",
      "integrity": "sha512-uT3yu5neM8wWYKUhftAKTu2k2t5vX9m/1/sXBNjFDyR3u4vfoAN4Edj2vPhnAQ7D14xj8IySwOKyfiV2sf4odA=="
    },
    "tinyqueue": {
      "version": "1.2.3",
      "resolved": "https://registry.npmjs.org/tinyqueue/-/tinyqueue-1.2.3.tgz",
      "integrity": "sha512-Qz9RgWuO9l8lT+Y9xvbzhPT2efIUIFd69N7eF7tJ9lnQl0iLj1M7peK7IoUGZL9DJHw9XftqLreccfxcQgYLxA=="
    },
    "tslib": {
      "version": "1.9.3",
      "resolved": "https://registry.npmjs.org/tslib/-/tslib-1.9.3.tgz",
      "integrity": "sha512-4krF8scpejhaOgqzBEcGM7yDIEfi0/8+8zDRZhNZZ2kjmHJ4hv3zCbQWxoJGz1iw5U0Jl0nma13xzHXcncMavQ==",
      "dev": true
    },
    "tslint-config-airbnb": {
      "version": "5.11.1",
      "resolved": "https://registry.npmjs.org/tslint-config-airbnb/-/tslint-config-airbnb-5.11.1.tgz",
      "integrity": "sha512-hkaittm2607vVMe8eotANGN1CimD5tor7uoY3ypg2VTtEcDB/KGWYbJOz58t8LI4cWSyWtgqYQ5F0HwKxxhlkQ==",
      "dev": true,
      "requires": {
        "tslint-consistent-codestyle": "^1.14.1",
        "tslint-eslint-rules": "^5.4.0",
        "tslint-microsoft-contrib": "~5.2.1"
      }
    },
    "tslint-config-prettier": {
      "version": "1.17.0",
      "resolved": "https://registry.npmjs.org/tslint-config-prettier/-/tslint-config-prettier-1.17.0.tgz",
      "integrity": "sha512-NKWNkThwqE4Snn4Cm6SZB7lV5RMDDFsBwz6fWUkTxOKGjMx8ycOHnjIbhn7dZd5XmssW3CwqUjlANR6EhP9YQw==",
      "dev": true
    },
    "tslint-consistent-codestyle": {
      "version": "1.14.1",
      "resolved": "https://registry.npmjs.org/tslint-consistent-codestyle/-/tslint-consistent-codestyle-1.14.1.tgz",
      "integrity": "sha512-UxGRX2fF5LpZtqYpuPFaIva+2D7ASX3pTVw41yis6Hmw7PPA3cBnFEX1jqRsnyxGrca6mHxz7xDnwCHtOjWJMQ==",
      "dev": true,
      "requires": {
        "@fimbul/bifrost": "^0.15.0",
        "tslib": "^1.7.1",
        "tsutils": "^2.29.0"
      }
    },
    "tslint-eslint-rules": {
      "version": "5.4.0",
      "resolved": "https://registry.npmjs.org/tslint-eslint-rules/-/tslint-eslint-rules-5.4.0.tgz",
      "integrity": "sha512-WlSXE+J2vY/VPgIcqQuijMQiel+UtmXS+4nvK4ZzlDiqBfXse8FAvkNnTcYhnQyOTW5KFM+uRRGXxYhFpuBc6w==",
      "dev": true,
      "requires": {
        "doctrine": "0.7.2",
        "tslib": "1.9.0",
        "tsutils": "^3.0.0"
      },
      "dependencies": {
        "tslib": {
          "version": "1.9.0",
          "resolved": "https://registry.npmjs.org/tslib/-/tslib-1.9.0.tgz",
          "integrity": "sha512-f/qGG2tUkrISBlQZEjEqoZ3B2+npJjIf04H1wuAv9iA8i04Icp+61KRXxFdha22670NJopsZCIjhC3SnjPRKrQ==",
          "dev": true
        },
        "tsutils": {
          "version": "3.5.1",
          "resolved": "https://registry.npmjs.org/tsutils/-/tsutils-3.5.1.tgz",
          "integrity": "sha512-g9kwRQRpVDhjS3qfrDsnYv7QkBtsNRm1Ln5539hq9Y2ysndnlaWf8+3zTdaa1YB5ko7dpV9XATlP0KmYPsLc+Q==",
          "dev": true,
          "requires": {
            "tslib": "^1.8.1"
          }
        }
      }
    },
    "tslint-microsoft-contrib": {
      "version": "5.2.1",
      "resolved": "https://registry.npmjs.org/tslint-microsoft-contrib/-/tslint-microsoft-contrib-5.2.1.tgz",
      "integrity": "sha512-PDYjvpo0gN9IfMULwKk0KpVOPMhU6cNoT9VwCOLeDl/QS8v8W2yspRpFFuUS7/c5EIH/n8ApMi8TxJAz1tfFUA==",
      "dev": true,
      "requires": {
        "tsutils": "^2.27.2 <2.29.0"
      },
      "dependencies": {
        "tsutils": {
          "version": "2.28.0",
          "resolved": "https://registry.npmjs.org/tsutils/-/tsutils-2.28.0.tgz",
          "integrity": "sha512-bh5nAtW0tuhvOJnx1GLRn5ScraRLICGyJV5wJhtRWOLsxW70Kk5tZtpK3O/hW6LDnqKS9mlUMPZj9fEMJ0gxqA==",
          "dev": true,
          "requires": {
            "tslib": "^1.8.1"
          }
        }
      }
    },
    "tsutils": {
      "version": "2.29.0",
      "resolved": "https://registry.npmjs.org/tsutils/-/tsutils-2.29.0.tgz",
      "integrity": "sha512-g5JVHCIJwzfISaXpXE1qvNalca5Jwob6FjI4AoPlqMusJ6ftFE7IkkFoMhVLRgK+4Kx3gkzb8UZK5t5yTTvEmA==",
      "dev": true,
      "requires": {
        "tslib": "^1.8.1"
      }
    }
  }
}
